
Microsoft Visual Studio Solution File, Format Version 12.00
# Visual Studio 15
VisualStudioVersion = 15.0.28307.271
MinimumVisualStudioVersion = 10.0.40219.1
Project("{FAE04EC0-301F-11D3-BF4B-00C04F79EFBC}") = "ProxyWebView.Android", "ProxyWebView\ProxyWebView.Android\ProxyWebView.Android.csproj", "{321A045D-4B19-4458-9CCE-03AA56527614}"
EndProject
Project("{FAE04EC0-301F-11D3-BF4B-00C04F79EFBC}") = "ProxyWebView.iOS", "ProxyWebView\ProxyWebView.iOS\ProxyWebView.iOS.csproj", "{48EC7898-8D34-4659-8266-A173D1BBC826}"
EndProject
Project("{FAE04EC0-301F-11D3-BF4B-00C04F79EFBC}") = "ProxyWebView", "ProxyWebView\ProxyWebView\ProxyWebView.csproj", "{E3C0BEA6-4027-4B43-9920-91C0A7420E45}"
EndProject
Global
	GlobalSection(SolutionConfigurationPlatforms) = preSolution
		Ad-Hoc|Any CPU = Ad-Hoc|Any CPU
		Ad-Hoc|iPhone = Ad-Hoc|iPhone
		Ad-Hoc|iPhoneSimulator = Ad-Hoc|iPhoneSimulator
		AppStore|Any CPU = AppStore|Any CPU
		AppStore|iPhone = AppStore|iPhone
		AppStore|iPhoneSimulator = AppStore|iPhoneSimulator
		Debug|Any CPU = Debug|Any CPU
		Debug|iPhone = Debug|iPhone
		Debug|iPhoneSimulator = Debug|iPhoneSimulator
		Release|Any CPU = Release|Any CPU
		Release|iPhone = Release|iPhone
		Release|iPhoneSimulator = Release|iPhoneSimulator
	EndGlobalSection
	GlobalSection(ProjectConfigurationPlatforms) = postSolution
		{321A045D-4B19-4458-9CCE-03AA56527614}.Ad-Hoc|Any CPU.ActiveCfg = Release|Any CPU
		{321A045D-4B19-4458-9CCE-03AA56527614}.Ad-Hoc|Any CPU.Build.0 = Release|Any CPU
		{321A045D-4B19-4458-9CCE-03AA56527614}.Ad-Hoc|Any CPU.Deploy.0 = Release|Any CPU
		{321A045D-4B19-4458-9CCE-03AA56527614}.Ad-Hoc|iPhone.ActiveCfg = Release|Any CPU
		{321A045D-4B19-4458-9CCE-03AA56527614}.Ad-Hoc|iPhone.Build.0 = Release|Any CPU
		{321A045D-4B19-4458-9CCE-03AA56527614}.Ad-Hoc|iPhone.Deploy.0 = Release|Any CPU
		{321A045D-4B19-4458-9CCE-03AA56527614}.Ad-Hoc|iPhoneSimulator.ActiveCfg = Release|Any CPU
		{321A045D-4B19-4458-9CCE-03AA56527614}.Ad-Hoc|iPhoneSimulator.Build.0 = Release|Any CPU
		{321A045D-4B19-4458-9CCE-03AA56527614}.Ad-Hoc|iPhoneSimulator.Deploy.0 = Release|Any CPU
		{321A045D-4B19-4458-9CCE-03AA56527614}.AppStore|Any CPU.ActiveCfg = Release|Any CPU
		{321A045D-4B19-4458-9CCE-03AA56527614}.AppStore|Any CPU.Build.0 = Release|Any CPU
		{321A045D-4B19-4458-9CCE-03AA56527614}.AppStore|Any CPU.Deploy.0 = Release|Any CPU
		{321A045D-4B19-4458-9CCE-03AA56527614}.AppStore|iPhone.ActiveCfg = Release|Any CPU
		{321A045D-4B19-4458-9CCE-03AA56527614}.AppStore|iPhone.Build.0 = Release|Any CPU
		{321A045D-4B19-4458-9CCE-03AA56527614}.AppStore|iPhone.Deploy.0 = Release|Any CPU
		{321A045D-4B19-4458-9CCE-03AA56527614}.AppStore|iPhoneSimulator.ActiveCfg = Release|Any CPU
		{321A045D-4B19-4458-9CCE-03AA56527614}.AppStore|iPhoneSimulator.Build.0 = Release|Any CPU
		{321A045D-4B19-4458-9CCE-03AA56527614}.AppStore|iPhoneSimulator.Deploy.0 = Release|Any CPU
		{321A045D-4B19-4458-9CCE-03AA56527614}.Debug|Any CPU.ActiveCfg = Debug|Any CPU
		{321A045D-4B19-4458-9CCE-03AA56527614}.Debug|Any CPU.Build.0 = Debug|Any CPU
		{321A045D-4B19-4458-9CCE-03AA56527614}.Debug|Any CPU.Deploy.0 = Debug|Any CPU
		{321A045D-4B19-4458-9CCE-03AA56527614}.Debug|iPhone.ActiveCfg = Debug|Any CPU
		{321A045D-4B19-4458-9CCE-03AA56527614}.Debug|iPhone.Build.0 = Debug|Any CPU
		{321A045D-4B19-4458-9CCE-03AA56527614}.Debug|iPhone.Deploy.0 = Debug|Any CPU
		{321A045D-4B19-4458-9CCE-03AA56527614}.Debug|iPhoneSimulator.ActiveCfg = Debug|Any CPU
		{321A045D-4B19-4458-9CCE-03AA56527614}.Debug|iPhoneSimulator.Build.0 = Debug|Any CPU
		{321A045D-4B19-4458-9CCE-03AA56527614}.Debug|iPhoneSimulator.Deploy.0 = Debug|Any CPU
		{321A045D-4B19-4458-9CCE-03AA56527614}.Release|Any CPU.ActiveCfg = Release|Any CPU
		{321A045D-4B19-4458-9CCE-03AA56527614}.Release|Any CPU.Build.0 = Release|Any CPU
		{321A045D-4B19-4458-9CCE-03AA56527614}.Release|Any CPU.Deploy.0 = Release|Any CPU
		{321A045D-4B19-4458-9CCE-03AA56527614}.Release|iPhone.ActiveCfg = Release|Any CPU
		{321A045D-4B19-4458-9CCE-03AA56527614}.Release|iPhone.Build.0 = Release|Any CPU
		{321A045D-4B19-4458-9CCE-03AA56527614}.Release|iPhone.Deploy.0 = Release|Any CPU
		{321A045D-4B19-4458-9CCE-03AA56527614}.Release|iPhoneSimulator.ActiveCfg = Release|Any CPU
		{321A045D-4B19-4458-9CCE-03AA56527614}.Release|iPhoneSimulator.Build.0 = Release|Any CPU
		{321A045D-4B19-4458-9CCE-03AA56527614}.Release|iPhoneSimulator.Deploy.0 = Release|Any CPU
		{48EC7898-8D34-4659-8266-A173D1BBC826}.Ad-Hoc|Any CPU.ActiveCfg = Ad-Hoc|iPhone
		{48EC7898-8D34-4659-8266-A173D1BBC826}.Ad-Hoc|Any CPU.Build.0 = Ad-Hoc|iPhone
		{48EC7898-8D34-4659-8266-A173D1BBC826}.Ad-Hoc|Any CPU.Deploy.0 = Ad-Hoc|iPhone
		{48EC7898-8D34-4659-8266-A173D1BBC826}.Ad-Hoc|iPhone.ActiveCfg = Ad-Hoc|iPhone
		{48EC7898-8D34-4659-8266-A173D1BBC826}.Ad-Hoc|iPhone.Build.0 = Ad-Hoc|iPhone
		{48EC7898-8D34-4659-8266-A173D1BBC826}.Ad-Hoc|iPhone.Deploy.0 = Ad-Hoc|iPhone
		{48EC7898-8D34-4659-8266-A173D1BBC826}.Ad-Hoc|iPhoneSimulator.ActiveCfg = Ad-Hoc|iPhoneSimulator
		{48EC7898-8D34-4659-8266-A173D1BBC826}.Ad-Hoc|iPhoneSimulator.Build.0 = Ad-Hoc|iPhoneSimulator
		{48EC7898-8D34-4659-8266-A173D1BBC826}.Ad-Hoc|iPhoneSimulator.Deploy.0 = Ad-Hoc|iPhoneSimulator
		{48EC7898-8D34-4659-8266-A173D1BBC826}.AppStore|Any CPU.ActiveCfg = AppStore|iPhone
		{48EC7898-8D34-4659-8266-A173D1BBC826}.AppStore|Any CPU.Build.0 = AppStore|iPhone
		{48EC7898-8D34-4659-8266-A173D1BBC826}.AppStore|Any CPU.Deploy.0 = AppStore|iPhone
		{48EC7898-8D34-4659-8266-A173D1BBC826}.AppStore|iPhone.ActiveCfg = AppStore|iPhone
		{48EC7898-8D34-4659-8266-A173D1BBC826}.AppStore|iPhone.Build.0 = AppStore|iPhone
		{48EC7898-8D34-4659-8266-A173D1BBC826}.AppStore|iPhone.Deploy.0 = AppStore|iPhone
		{48EC7898-8D34-4659-8266-A173D1BBC826}.AppStore|iPhoneSimulator.ActiveCfg = AppStore|iPhoneSimulator
		{48EC7898-8D34-4659-8266-A173D1BBC826}.AppStore|iPhoneSimulator.Build.0 = AppStore|iPhoneSimulator
		{48EC7898-8D34-4659-8266-A173D1BBC826}.AppStore|iPhoneSimulator.Deploy.0 = AppStore|iPhoneSimulator
		{48EC7898-8D34-4659-8266-A173D1BBC826}.Debug|Any CPU.ActiveCfg = Debug|iPhoneSimulator
		{48EC7898-8D34-4659-8266-A173D1BBC826}.Debug|Any CPU.Build.0 = Debug|iPhoneSimulator
		{48EC7898-8D34-4659-8266-A173D1BBC826}.Debug|Any CPU.Deploy.0 = Debug|iPhoneSimulator
		{48EC7898-8D34-4659-8266-A173D1BBC826}.Debug|iPhone.ActiveCfg = Debug|iPhone
		{48EC7898-8D34-4659-8266-A173D1BBC826}.Debug|iPhone.Build.0 = Debug|iPhone
		{48EC7898-8D34-4659-8266-A173D1BBC826}.Debug|iPhone.Deploy.0 = Debug|iPhone
		{48EC7898-8D34-4659-8266-A173D1BBC826}.Debug|iPhoneSimulator.ActiveCfg = Debug|iPhoneSimulator
		{48EC7898-8D34-4659-8266-A173D1BBC826}.Debug|iPhoneSimulator.Build.0 = Debug|iPhoneSimulator
		{48EC7898-8D34-4659-8266-A173D1BBC826}.Debug|iPhoneSimulator.Deploy.0 = Debug|iPhoneSimulator
		{48EC7898-8D34-4659-8266-A173D1BBC826}.Release|Any CPU.ActiveCfg = Release|iPhone
		{48EC7898-8D34-4659-8266-A173D1BBC826}.Release|Any CPU.Build.0 = Release|iPhone
		{48EC7898-8D34-4659-8266-A173D1BBC826}.Release|Any CPU.Deploy.0 = Release|iPhone
		{48EC7898-8D34-4659-8266-A173D1BBC826}.Release|iPhone.ActiveCfg = Release|iPhone
		{48EC7898-8D34-4659-8266-A173D1BBC826}.Release|iPhone.Build.0 = Release|iPhone
		{48EC7898-8D34-4659-8266-A173D1BBC826}.Release|iPhone.Deploy.0 = Release|iPhone
		{48EC7898-8D34-4659-8266-A173D1BBC826}.Release|iPhoneSimulator.ActiveCfg = Release|iPhoneSimulator
		{48EC7898-8D34-4659-8266-A173D1BBC826}.Release|iPhoneSimulator.Build.0 = Release|iPhoneSimulator
		{48EC7898-8D34-4659-8266-A173D1BBC826}.Release|iPhoneSimulator.Deploy.0 = Release|iPhoneSimulator
		{E3C0BEA6-4027-4B43-9920-91C0A7420E45}.Ad-Hoc|Any CPU.ActiveCfg = Debug|Any CPU
		{E3C0BEA6-4027-4B43-9920-91C0A7420E45}.Ad-Hoc|Any CPU.Build.0 = Debug|Any CPU
		{E3C0BEA6-4027-4B43-9920-91C0A7420E45}.Ad-Hoc|Any CPU.Deploy.0 = Debug|Any CPU
		{E3C0BEA6-4027-4B43-9920-91C0A7420E45}.Ad-Hoc|iPhone.ActiveCfg = Debug|Any CPU
		{E3C0BEA6-4027-4B43-9920-91C0A7420E45}.Ad-Hoc|iPhone.Build.0 = Debug|Any CPU
		{E3C0BEA6-4027-4B43-9920-91C0A7420E45}.Ad-Hoc|iPhone.Deploy.0 = Debug|Any CPU
		{E3C0BEA6-4027-4B43-9920-91C0A7420E45}.Ad-Hoc|iPhoneSimulator.ActiveCfg = Debug|Any CPU
		{E3C0BEA6-4027-4B43-9920-91C0A7420E45}.Ad-Hoc|iPhoneSimulator.Build.0 = Debug|Any CPU
		{E3C0BEA6-4027-4B43-9920-91C0A7420E45}.Ad-Hoc|iPhoneSimulator.Deploy.0 = Debug|Any CPU
		{E3C0BEA6-4027-4B43-9920-91C0A7420E45}.AppStore|Any CPU.ActiveCfg = Debug|Any CPU
		{E3C0BEA6-4027-4B43-9920-91C0A7420E45}.AppStore|Any CPU.Build.0 = Debug|Any CPU
		{E3C0BEA6-4027-4B43-9920-91C0A7420E45}.AppStore|Any CPU.Deploy.0 = Debug|Any CPU
		{E3C0BEA6-4027-4B43-9920-91C0A7420E45}.AppStore|iPhone.ActiveCfg = Debug|Any CPU
		{E3C0BEA6-4027-4B43-9920-91C0A7420E45}.AppStore|iPhone.Build.0 = Debug|Any CPU
		{E3C0BEA6-4027-4B43-9920-91C0A7420E45}.AppStore|iPhone.Deploy.0 = Debug|Any CPU
		{E3C0BEA6-4027-4B43-9920-91C0A7420E45}.AppStore|iPhoneSimulator.ActiveCfg = Debug|Any CPU
		{E3C0BEA6-4027-4B43-9920-91C0A7420E45}.AppStore|iPhoneSimulator.Build.0 = Debug|Any CPU
		{E3C0BEA6-4027-4B43-9920-91C0A7420E45}.AppStore|iPhoneSimulator.Deploy.0 = Debug|Any CPU
		{E3C0BEA6-4027-4B43-9920-91C0A7420E45}.Debug|Any CPU.ActiveCfg = Debug|Any CPU
		{E3C0BEA6-4027-4B43-9920-91C0A7420E45}.Debug|Any CPU.Build.0 = Debug|Any CPU
		{E3C0BEA6-4027-4B43-9920-91C0A7420E45}.Debug|Any CPU.Deploy.0 = Debug|Any CPU
		{E3C0BEA6-4027-4B43-9920-91C0A7420E45}.Debug|iPhone.ActiveCfg = Debug|Any CPU
		{E3C0BEA6-4027-4B43-9920-91C0A7420E45}.Debug|iPhone.Build.0 = Debug|Any CPU
		{E3C0BEA6-4027-4B43-9920-91C0A7420E45}.Debug|iPhone.Deploy.0 = Debug|Any CPU
		{E3C0BEA6-4027-4B43-9920-91C0A7420E45}.Debug|iPhoneSimulator.ActiveCfg = Debug|Any CPU
		{E3C0BEA6-4027-4B43-9920-91C0A7420E45}.Debug|iPhoneSimulator.Build.0 = Debug|Any CPU
		{E3C0BEA6-4027-4B43-9920-91C0A7420E45}.Debug|iPhoneSimulator.Deploy.0 = Debug|Any CPU
		{E3C0BEA6-4027-4B43-9920-91C0A7420E45}.Release|Any CPU.ActiveCfg = Release|Any CPU
		{E3C0BEA6-4027-4B43-9920-91C0A7420E45}.Release|Any CPU.Build.0 = Release|Any CPU
		{E3C0BEA6-4027-4B43-9920-91C0A7420E45}.Release|Any CPU.Deploy.0 = Release|Any CPU
		{E3C0BEA6-4027-4B43-9920-91C0A7420E45}.Release|iPhone.ActiveCfg = Release|Any CPU
		{E3C0BEA6-4027-4B43-9920-91C0A7420E45}.Release|iPhone.Build.0 = Release|Any CPU
		{E3C0BEA6-4027-4B43-9920-91C0A7420E45}.Release|iPhone.Deploy.0 = Release|Any CPU
		{E3C0BEA6-4027-4B43-9920-91C0A7420E45}.Release|iPhoneSimulator.ActiveCfg = Release|Any CPU
		{E3C0BEA6-4027-4B43-9920-91C0A7420E45}.Release|iPhoneSimulator.Build.0 = Release|Any CPU
		{E3C0BEA6-4027-4B43-9920-91C0A7420E45}.Release|iPhoneSimulator.Deploy.0 = Release|Any CPU
	EndGlobalSection
	GlobalSection(SolutionProperties) = preSolution
		HideSolutionNode = FALSE
	EndGlobalSection
	GlobalSection(ExtensibilityGlobals) = postSolution
		SolutionGuid = {FA2A43F2-52F1-417A-ACEF-89F678BBAEA8}
	EndGlobalSection
EndGlobal
